
Microsoft Visual Studio Solution File, Format Version 12.00
# Visual Studio Version 16
VisualStudioVersion = 16.0.31402.337
MinimumVisualStudioVersion = 10.0.40219.1
Project("{FAE04EC0-301F-11D3-BF4B-00C04F79EFBC}") = "TwentifourthApplication.ConsoleApp", "TwentifourthApplication.ConsoleApp\TwentifourthApplication.ConsoleApp.csproj", "{CFA873CC-12A1-4D60-9500-B5C9074DBB09}"
EndProject
Global
	GlobalSection(SolutionConfigurationPlatforms) = preSolution
		Debug|Any CPU = Debug|Any CPU
		Release|Any CPU = Release|Any CPU
	EndGlobalSection
	GlobalSection(ProjectConfigurationPlatforms) = postSolution
		{CFA873CC-12A1-4D60-9500-B5C9074DBB09}.Debug|Any CPU.ActiveCfg = Debug|Any CPU
		{CFA873CC-12A1-4D60-9500-B5C9074DBB09}.Debug|Any CPU.Build.0 = Debug|Any CPU
		{CFA873CC-12A1-4D60-9500-B5C9074DBB09}.Release|Any CPU.ActiveCfg = Release|Any CPU
		{CFA873CC-12A1-4D60-9500-B5C9074DBB09}.Release|Any CPU.Build.0 = Release|Any CPU
	EndGlobalSection
	GlobalSection(SolutionProperties) = preSolution
		HideSolutionNode = FALSE
	EndGlobalSection
	GlobalSection(ExtensibilityGlobals) = postSolution
		SolutionGuid = {47A810BF-7539-4B2C-ABE1-41A8B74697BC}
	EndGlobalSection
EndGlobal
